
Microsoft Visual Studio Solution File, Format Version 12.00
# Visual Studio Version 17
VisualStudioVersion = 17.3.32929.385
MinimumVisualStudioVersion = 10.0.40219.1
Project("{FAE04EC0-301F-11D3-BF4B-00C04F79EFBC}") = "JazChatApp", "JazChatApp.csproj", "{1AB69499-5D8D-4DCE-A966-0CB4D75098EB}"
EndProject
Global
	GlobalSection(SolutionConfigurationPlatforms) = preSolution
		Debug|Any CPU = Debug|Any CPU
		Release|Any CPU = Release|Any CPU
	EndGlobalSection
	GlobalSection(ProjectConfigurationPlatforms) = postSolution
		{1AB69499-5D8D-4DCE-A966-0CB4D75098EB}.Debug|Any CPU.ActiveCfg = Debug|Any CPU
		{1AB69499-5D8D-4DCE-A966-0CB4D75098EB}.Debug|Any CPU.Build.0 = Debug|Any CPU
		{1AB69499-5D8D-4DCE-A966-0CB4D75098EB}.Release|Any CPU.ActiveCfg = Release|Any CPU
		{1AB69499-5D8D-4DCE-A966-0CB4D75098EB}.Release|Any CPU.Build.0 = Release|Any CPU
	EndGlobalSection
	GlobalSection(SolutionProperties) = preSolution
		HideSolutionNode = FALSE
	EndGlobalSection
	GlobalSection(ExtensibilityGlobals) = postSolution
		SolutionGuid = {12B8498B-FF24-4714-9FC7-E3B9C6599CCB}
	EndGlobalSection
EndGlobal
